PODS:
  - ARVAutocompleteBar (0.1.0)
  - Nimble (1.0.0)
  - Quick (0.3.1)

DEPENDENCIES:
  - ARVAutocompleteBar (from `../`)
  - Nimble
  - Quick (~> 0.3.1)

EXTERNAL SOURCES:
  ARVAutocompleteBar:
    :path: "../"

SPEC CHECKSUMS:
  ARVAutocompleteBar: 289ba599130a4a0f57c9b1eea295406940fb04d6
  Nimble: 8bee528e5fcc403653076545db562d2b5db7bb87
  Quick: 824572d3d198d51e52cf4aa722cebf7e59952a35

COCOAPODS: 0.37.2
